
Microsoft Visual Studio Solution File, Format Version 12.00
# Visual Studio Version 17
VisualStudioVersion = 17.8.34525.116
MinimumVisualStudioVersion = 10.0.40219.1
Project("{FAE04EC0-301F-11D3-BF4B-00C04F79EFBC}") = "DeliveryKursAPI1", "DeliveryKursAPI1\DeliveryKursAPI1.csproj", "{DC7C51E6-D749-4EC0-910A-B2CE168135EA}"
EndProject
Project("{FAE04EC0-301F-11D3-BF4B-00C04F79EFBC}") = "ConsoleApp1", "ConsoleApp1\ConsoleApp1.csproj", "{975F583E-A210-4575-8B71-0EDD9A4FE4D7}"
EndProject
Global
	GlobalSection(SolutionConfigurationPlatforms) = preSolution
		Debug|Any CPU = Debug|Any CPU
		Release|Any CPU = Release|Any CPU
	EndGlobalSection
	GlobalSection(ProjectConfigurationPlatforms) = postSolution
		{DC7C51E6-D749-4EC0-910A-B2CE168135EA}.Debug|Any CPU.ActiveCfg = Debug|Any CPU
		{DC7C51E6-D749-4EC0-910A-B2CE168135EA}.Debug|Any CPU.Build.0 = Debug|Any CPU
		{DC7C51E6-D749-4EC0-910A-B2CE168135EA}.Release|Any CPU.ActiveCfg = Release|Any CPU
		{DC7C51E6-D749-4EC0-910A-B2CE168135EA}.Release|Any CPU.Build.0 = Release|Any CPU
		{975F583E-A210-4575-8B71-0EDD9A4FE4D7}.Debug|Any CPU.ActiveCfg = Debug|Any CPU
		{975F583E-A210-4575-8B71-0EDD9A4FE4D7}.Debug|Any CPU.Build.0 = Debug|Any CPU
		{975F583E-A210-4575-8B71-0EDD9A4FE4D7}.Release|Any CPU.ActiveCfg = Release|Any CPU
		{975F583E-A210-4575-8B71-0EDD9A4FE4D7}.Release|Any CPU.Build.0 = Release|Any CPU
	EndGlobalSection
	GlobalSection(SolutionProperties) = preSolution
		HideSolutionNode = FALSE
	EndGlobalSection
	GlobalSection(ExtensibilityGlobals) = postSolution
		SolutionGuid = {22E9026E-80FE-4AC9-88D3-F176BD6CD448}
	EndGlobalSection
EndGlobal
